
Microsoft Visual Studio Solution File, Format Version 12.00
# Visual Studio Version 17
VisualStudioVersion = 17.12.35707.178
MinimumVisualStudioVersion = 10.0.40219.1
Project("{2150E333-8FDC-42A3-9474-1A3956D46DE8}") = "Src", "Src", "{4FCAF066-F96B-4022-AF98-54B2A0565B64}"
EndProject
Project("{2150E333-8FDC-42A3-9474-1A3956D46DE8}") = "API", "API", "{50BD6E4B-3F05-4627-A00A-57C9D072F5F8}"
EndProject
Project("{2150E333-8FDC-42A3-9474-1A3956D46DE8}") = "Core", "Core", "{3FD61045-7E59-41F5-B541-BA61413365E9}"
EndProject
Project("{2150E333-8FDC-42A3-9474-1A3956D46DE8}") = "Infrastructure", "Infrastructure", "{214A2B24-E8C1-4124-A8FD-289F6E51501A}"
EndProject
Project("{FAE04EC0-301F-11D3-BF4B-00C04F79EFBC}") = "HR.API", "Src\API\HR.API\HR.API.csproj", "{B875000C-38B0-4302-AE36-9519375D6FC8}"
EndProject
Project("{FAE04EC0-301F-11D3-BF4B-00C04F79EFBC}") = "HR.Application", "Src\Core\HR.Application\HR.Application.csproj", "{67048F07-E9E2-4FC0-81EA-D6B1E1E978EA}"
EndProject
Project("{FAE04EC0-301F-11D3-BF4B-00C04F79EFBC}") = "HR.Identity", "Src\Infrastructure\HR.Identity\HR.Identity.csproj", "{143E7C2F-F5CA-4F0C-96EA-B2EB424E91E2}"
EndProject
Project("{FAE04EC0-301F-11D3-BF4B-00C04F79EFBC}") = "HR.Persistence", "Src\Infrastructure\HR.Persistence\HR.Persistence.csproj", "{AE45D012-3559-48EA-BDB6-95DE779808BF}"
EndProject
Project("{FAE04EC0-301F-11D3-BF4B-00C04F79EFBC}") = "HR.Infrastructure", "Src\Infrastructure\HR.Infrastructure\HR.Infrastructure.csproj", "{13247006-4316-4932-9485-C2407AB42F1E}"
EndProject
Project("{FAE04EC0-301F-11D3-BF4B-00C04F79EFBC}") = "HR.Domain", "Src\Core\HR.Domain\HR.Domain.csproj", "{C0DAE10D-D1F1-435A-9E89-2BDB080D7881}"
EndProject
Global
	GlobalSection(SolutionConfigurationPlatforms) = preSolution
		Debug|Any CPU = Debug|Any CPU
		Release|Any CPU = Release|Any CPU
	EndGlobalSection
	GlobalSection(ProjectConfigurationPlatforms) = postSolution
		{B875000C-38B0-4302-AE36-9519375D6FC8}.Debug|Any CPU.ActiveCfg = Debug|Any CPU
		{B875000C-38B0-4302-AE36-9519375D6FC8}.Debug|Any CPU.Build.0 = Debug|Any CPU
		{B875000C-38B0-4302-AE36-9519375D6FC8}.Release|Any CPU.ActiveCfg = Release|Any CPU
		{B875000C-38B0-4302-AE36-9519375D6FC8}.Release|Any CPU.Build.0 = Release|Any CPU
		{67048F07-E9E2-4FC0-81EA-D6B1E1E978EA}.Debug|Any CPU.ActiveCfg = Debug|Any CPU
		{67048F07-E9E2-4FC0-81EA-D6B1E1E978EA}.Debug|Any CPU.Build.0 = Debug|Any CPU
		{67048F07-E9E2-4FC0-81EA-D6B1E1E978EA}.Release|Any CPU.ActiveCfg = Release|Any CPU
		{67048F07-E9E2-4FC0-81EA-D6B1E1E978EA}.Release|Any CPU.Build.0 = Release|Any CPU
		{143E7C2F-F5CA-4F0C-96EA-B2EB424E91E2}.Debug|Any CPU.ActiveCfg = Debug|Any CPU
		{143E7C2F-F5CA-4F0C-96EA-B2EB424E91E2}.Debug|Any CPU.Build.0 = Debug|Any CPU
		{143E7C2F-F5CA-4F0C-96EA-B2EB424E91E2}.Release|Any CPU.ActiveCfg = Release|Any CPU
		{143E7C2F-F5CA-4F0C-96EA-B2EB424E91E2}.Release|Any CPU.Build.0 = Release|Any CPU
		{AE45D012-3559-48EA-BDB6-95DE779808BF}.Debug|Any CPU.ActiveCfg = Debug|Any CPU
		{AE45D012-3559-48EA-BDB6-95DE779808BF}.Debug|Any CPU.Build.0 = Debug|Any CPU
		{AE45D012-3559-48EA-BDB6-95DE779808BF}.Release|Any CPU.ActiveCfg = Release|Any CPU
		{AE45D012-3559-48EA-BDB6-95DE779808BF}.Release|Any CPU.Build.0 = Release|Any CPU
		{13247006-4316-4932-9485-C2407AB42F1E}.Debug|Any CPU.ActiveCfg = Debug|Any CPU
		{13247006-4316-4932-9485-C2407AB42F1E}.Debug|Any CPU.Build.0 = Debug|Any CPU
		{13247006-4316-4932-9485-C2407AB42F1E}.Release|Any CPU.ActiveCfg = Release|Any CPU
		{13247006-4316-4932-9485-C2407AB42F1E}.Release|Any CPU.Build.0 = Release|Any CPU
		{C0DAE10D-D1F1-435A-9E89-2BDB080D7881}.Debug|Any CPU.ActiveCfg = Debug|Any CPU
		{C0DAE10D-D1F1-435A-9E89-2BDB080D7881}.Debug|Any CPU.Build.0 = Debug|Any CPU
		{C0DAE10D-D1F1-435A-9E89-2BDB080D7881}.Release|Any CPU.ActiveCfg = Release|Any CPU
		{C0DAE10D-D1F1-435A-9E89-2BDB080D7881}.Release|Any CPU.Build.0 = Release|Any CPU
	EndGlobalSection
	GlobalSection(SolutionProperties) = preSolution
		HideSolutionNode = FALSE
	EndGlobalSection
	GlobalSection(NestedProjects) = preSolution
		{50BD6E4B-3F05-4627-A00A-57C9D072F5F8} = {4FCAF066-F96B-4022-AF98-54B2A0565B64}
		{3FD61045-7E59-41F5-B541-BA61413365E9} = {4FCAF066-F96B-4022-AF98-54B2A0565B64}
		{214A2B24-E8C1-4124-A8FD-289F6E51501A} = {4FCAF066-F96B-4022-AF98-54B2A0565B64}
		{B875000C-38B0-4302-AE36-9519375D6FC8} = {50BD6E4B-3F05-4627-A00A-57C9D072F5F8}
		{67048F07-E9E2-4FC0-81EA-D6B1E1E978EA} = {3FD61045-7E59-41F5-B541-BA61413365E9}
		{143E7C2F-F5CA-4F0C-96EA-B2EB424E91E2} = {214A2B24-E8C1-4124-A8FD-289F6E51501A}
		{AE45D012-3559-48EA-BDB6-95DE779808BF} = {214A2B24-E8C1-4124-A8FD-289F6E51501A}
		{13247006-4316-4932-9485-C2407AB42F1E} = {214A2B24-E8C1-4124-A8FD-289F6E51501A}
		{C0DAE10D-D1F1-435A-9E89-2BDB080D7881} = {3FD61045-7E59-41F5-B541-BA61413365E9}
	EndGlobalSection
EndGlobal
